
Microsoft Visual Studio Solution File, Format Version 12.00
# Visual Studio Version 16
VisualStudioVersion = 16.0.31129.286
MinimumVisualStudioVersion = 10.0.40219.1
Project("{9A19103F-16F7-4668-BE54-9A1E7A4F7556}") = "TransactionAPI", "TransactionAPI\TransactionAPI.csproj", "{599966A9-CAFF-40B9-A14A-38FF237BD77F}"
EndProject
Project("{FAE04EC0-301F-11D3-BF4B-00C04F79EFBC}") = "TransactionAPI.Tests", "TransactionAPI.Tests\TransactionAPI.Tests.csproj", "{F94CF63F-5EA4-4FC8-8642-70F899711BB3}"
EndProject
Global
	GlobalSection(SolutionConfigurationPlatforms) = preSolution
		Debug|Any CPU = Debug|Any CPU
		Release|Any CPU = Release|Any CPU
	EndGlobalSection
	GlobalSection(ProjectConfigurationPlatforms) = postSolution
		{599966A9-CAFF-40B9-A14A-38FF237BD77F}.Debug|Any CPU.ActiveCfg = Debug|Any CPU
		{599966A9-CAFF-40B9-A14A-38FF237BD77F}.Debug|Any CPU.Build.0 = Debug|Any CPU
		{599966A9-CAFF-40B9-A14A-38FF237BD77F}.Release|Any CPU.ActiveCfg = Release|Any CPU
		{599966A9-CAFF-40B9-A14A-38FF237BD77F}.Release|Any CPU.Build.0 = Release|Any CPU
		{F94CF63F-5EA4-4FC8-8642-70F899711BB3}.Debug|Any CPU.ActiveCfg = Debug|Any CPU
		{F94CF63F-5EA4-4FC8-8642-70F899711BB3}.Debug|Any CPU.Build.0 = Debug|Any CPU
		{F94CF63F-5EA4-4FC8-8642-70F899711BB3}.Release|Any CPU.ActiveCfg = Release|Any CPU
		{F94CF63F-5EA4-4FC8-8642-70F899711BB3}.Release|Any CPU.Build.0 = Release|Any CPU
	EndGlobalSection
	GlobalSection(SolutionProperties) = preSolution
		HideSolutionNode = FALSE
	EndGlobalSection
	GlobalSection(ExtensibilityGlobals) = postSolution
		SolutionGuid = {1D9A8298-FF07-4224-8128-B55EBB5F2697}
	EndGlobalSection
EndGlobal
